{
  "name": "try-yarn-git",
  "version": "1.0.0",
  "lockfileVersion": 2,
  "requires": true,
  "packages": {
    "": {
      "name": "try-yarn-git",
      "version": "1.0.0",
      "license": "MIT",
      "dependencies": {
        "@dword-design/functions": "^4.0.6"
      }
    },
    "node_modules/@dword-design/functions": {
      "version": "4.0.6",
      "resolved": "https://registry.npmjs.org/@dword-design/functions/-/functions-4.0.6.tgz",
      "integrity": "sha512-eq/X5VbfzM//zkKQZyHNUqoxuVZWIPa1EfMlbM6FZYjzWq2IzJbQNSfu6dp2Y6fDwWMPiYcH1gW1KqRIyhh2mw==",
      "dependencies": {
        "delay": "^5.0.0",
        "endent": "github:dword-design/endent#fork",
        "lodash": "^4.17.15",
        "tinycolor2": "^1.4.1"
      },
      "engines": {
        "node": ">=12"
      },
      "funding": {
        "url": "https://github.com/sponsors/dword-design"
      }
    },
    "node_modules/babel-plugin-add-module-exports": {
      "version": "1.0.4",
      "resolved": "https://registry.npmjs.org/babel-plugin-add-module-exports/-/babel-plugin-add-module-exports-1.0.4.tgz",
      "integrity": "sha512-g+8yxHUZ60RcyaUpfNzy56OtWW+x9cyEe9j+CranqLiqbju2yf/Cy6ZtYK40EZxtrdHllzlVZgLmcOUCTlJ7Jg=="
    },
    "node_modules/dedent": {
      "version": "0.7.0",
      "resolved": "git+ssh://git@github.com/dword-design/dedent.git#c8d46e5017d60504657c2d01b59082c0329a12a7",
      "license": "MIT",
      "dependencies": {
        "babel-plugin-add-module-exports": "^1.0.2"
      }
    },
    "node_modules/delay": {
      "version": "5.0.0",
      "resolved": "https://registry.npmjs.org/delay/-/delay-5.0.0.tgz",
      "integrity": "sha512-ReEBKkIfe4ya47wlPYf/gu5ib6yUG0/Aez0JQZQz94kiWtRQvZIQbTiehsnwHvLSWJnQdhVeqYue7Id1dKr0qw==",
      "engines": {
        "node": ">=10"
      },
      "funding": {
        "url": "https://github.com/sponsors/sindresorhus"
      }
    },
    "node_modules/endent": {
      "version": "1.4.0",
      "resolved": "git+ssh://git@github.com/dword-design/endent.git#be5433db67eaec07c6c9d00ba3bed2ed946dc664",
      "license": "MIT",
      "dependencies": {
        "dedent": "dword-design/dedent#fork",
        "fast-json-parse": "^1.0.3",
        "objectorarray": "^1.0.3"
      }
    },
    "node_modules/fast-json-parse": {
      "version": "1.0.3",
      "resolved": "https://registry.npmjs.org/fast-json-parse/-/fast-json-parse-1.0.3.tgz",
      "integrity": "sha512-FRWsaZRWEJ1ESVNbDWmsAlqDk96gPQezzLghafp5J4GUKjbCz3OkAHuZs5TuPEtkbVQERysLp9xv6c24fBm8Aw=="
    },
    "node_modules/lodash": {
      "version": "4.17.21",
      "resolved": "https://registry.npmjs.org/lodash/-/lodash-4.17.21.tgz",
      "integrity": "sha512-v2kDEe57lecTulaDIuNTPy3Ry4gLGJ6Z1O3vE1krgXZNrsQ+LFTGHVxVjcXPs17LhbZVGedAJv8XZ1tvj5FvSg=="
    },
    "node_modules/objectorarray": {
      "version": "1.0.5",
      "resolved": "https://registry.npmjs.org/objectorarray/-/objectorarray-1.0.5.tgz",
      "integrity": "sha512-eJJDYkhJFFbBBAxeh8xW+weHlkI28n2ZdQV/J/DNfWfSKlGEf2xcfAbZTv3riEXHAhL9SVOTs2pRmXiSTf78xg=="
    },
    "node_modules/tinycolor2": {
      "version": "1.4.2",
      "resolved": "https://registry.npmjs.org/tinycolor2/-/tinycolor2-1.4.2.tgz",
      "integrity": "sha512-vJhccZPs965sV/L2sU4oRQVAos0pQXwsvTLkWYdqJ+a8Q5kPFzJTuOFwy7UniPli44NKQGAglksjvOcpo95aZA==",
      "engines": {
        "node": "*"
      }
    }
  },
  "dependencies": {
    "@dword-design/functions": {
      "version": "4.0.6",
      "resolved": "https://registry.npmjs.org/@dword-design/functions/-/functions-4.0.6.tgz",
      "integrity": "sha512-eq/X5VbfzM//zkKQZyHNUqoxuVZWIPa1EfMlbM6FZYjzWq2IzJbQNSfu6dp2Y6fDwWMPiYcH1gW1KqRIyhh2mw==",
      "requires": {
        "delay": "^5.0.0",
        "endent": "github:dword-design/endent#fork",
        "lodash": "^4.17.15",
        "tinycolor2": "^1.4.1"
      }
    },
    "babel-plugin-add-module-exports": {
      "version": "1.0.4",
      "resolved": "https://registry.npmjs.org/babel-plugin-add-module-exports/-/babel-plugin-add-module-exports-1.0.4.tgz",
      "integrity": "sha512-g+8yxHUZ60RcyaUpfNzy56OtWW+x9cyEe9j+CranqLiqbju2yf/Cy6ZtYK40EZxtrdHllzlVZgLmcOUCTlJ7Jg=="
    },
    "dedent": {
      "version": "git+ssh://git@github.com/dword-design/dedent.git#c8d46e5017d60504657c2d01b59082c0329a12a7",
      "from": "dedent@dword-design/dedent#fork",
      "requires": {
        "babel-plugin-add-module-exports": "^1.0.2"
      }
    },
    "delay": {
      "version": "5.0.0",
      "resolved": "https://registry.npmjs.org/delay/-/delay-5.0.0.tgz",
      "integrity": "sha512-ReEBKkIfe4ya47wlPYf/gu5ib6yUG0/Aez0JQZQz94kiWtRQvZIQbTiehsnwHvLSWJnQdhVeqYue7Id1dKr0qw=="
    },
    "endent": {
      "version": "git+ssh://git@github.com/dword-design/endent.git#be5433db67eaec07c6c9d00ba3bed2ed946dc664",
      "from": "endent@github:dword-design/endent#fork",
      "requires": {
        "dedent": "dword-design/dedent#fork",
        "fast-json-parse": "^1.0.3",
        "objectorarray": "^1.0.3"
      }
    },
    "fast-json-parse": {
      "version": "1.0.3",
      "resolved": "https://registry.npmjs.org/fast-json-parse/-/fast-json-parse-1.0.3.tgz",
      "integrity": "sha512-FRWsaZRWEJ1ESVNbDWmsAlqDk96gPQezzLghafp5J4GUKjbCz3OkAHuZs5TuPEtkbVQERysLp9xv6c24fBm8Aw=="
    },
    "lodash": {
      "version": "4.17.21",
      "resolved": "https://registry.npmjs.org/lodash/-/lodash-4.17.21.tgz",
      "integrity": "sha512-v2kDEe57lecTulaDIuNTPy3Ry4gLGJ6Z1O3vE1krgXZNrsQ+LFTGHVxVjcXPs17LhbZVGedAJv8XZ1tvj5FvSg=="
    },
    "objectorarray": {
      "version": "1.0.5",
      "resolved": "https://registry.npmjs.org/objectorarray/-/objectorarray-1.0.5.tgz",
      "integrity": "sha512-eJJDYkhJFFbBBAxeh8xW+weHlkI28n2ZdQV/J/DNfWfSKlGEf2xcfAbZTv3riEXHAhL9SVOTs2pRmXiSTf78xg=="
    },
    "tinycolor2": {
      "version": "1.4.2",
      "resolved": "https://registry.npmjs.org/tinycolor2/-/tinycolor2-1.4.2.tgz",
      "integrity": "sha512-vJhccZPs965sV/L2sU4oRQVAos0pQXwsvTLkWYdqJ+a8Q5kPFzJTuOFwy7UniPli44NKQGAglksjvOcpo95aZA=="
    }
  }
}
