{
  "name": "try-yarn-git",
  "version": "1.0.0",
  "lockfileVersion": 2,
  "requires": true,
  "packages": {
    "": {
      "name": "try-yarn-git",
      "version": "1.0.0",
      "license": "MIT",
      "dependencies": {
        "endent": "github:dword-design/endent"
      }
    },
    "node_modules/dedent": {
      "version": "0.7.0",
      "resolved": "https://registry.npmjs.org/dedent/-/dedent-0.7.0.tgz",
      "integrity": "sha1-JJXduvbrh0q7Dhvp3yLS5aVEMmw="
    },
    "node_modules/endent": {
      "version": "1.4.0",
      "resolved": "git+ssh://git@github.com/dword-design/endent.git#8598a967db992592c32663b34d1d8c489e3896d7",
      "license": "MIT",
      "dependencies": {
        "dedent": "^0.7.0",
        "fast-json-parse": "^1.0.3",
        "objectorarray": "^1.0.3"
      }
    },
    "node_modules/fast-json-parse": {
      "version": "1.0.3",
      "resolved": "https://registry.npmjs.org/fast-json-parse/-/fast-json-parse-1.0.3.tgz",
      "integrity": "sha512-FRWsaZRWEJ1ESVNbDWmsAlqDk96gPQezzLghafp5J4GUKjbCz3OkAHuZs5TuPEtkbVQERysLp9xv6c24fBm8Aw=="
    },
    "node_modules/objectorarray": {
      "version": "1.0.5",
      "resolved": "https://registry.npmjs.org/objectorarray/-/objectorarray-1.0.5.tgz",
      "integrity": "sha512-eJJDYkhJFFbBBAxeh8xW+weHlkI28n2ZdQV/J/DNfWfSKlGEf2xcfAbZTv3riEXHAhL9SVOTs2pRmXiSTf78xg=="
    }
  },
  "dependencies": {
    "dedent": {
      "version": "0.7.0",
      "resolved": "https://registry.npmjs.org/dedent/-/dedent-0.7.0.tgz",
      "integrity": "sha1-JJXduvbrh0q7Dhvp3yLS5aVEMmw="
    },
    "endent": {
      "version": "git+ssh://git@github.com/dword-design/endent.git#8598a967db992592c32663b34d1d8c489e3896d7",
      "from": "endent@https://github.com/dword-design/endent.git",
      "requires": {
        "dedent": "^0.7.0",
        "fast-json-parse": "^1.0.3",
        "objectorarray": "^1.0.3"
      }
    },
    "fast-json-parse": {
      "version": "1.0.3",
      "resolved": "https://registry.npmjs.org/fast-json-parse/-/fast-json-parse-1.0.3.tgz",
      "integrity": "sha512-FRWsaZRWEJ1ESVNbDWmsAlqDk96gPQezzLghafp5J4GUKjbCz3OkAHuZs5TuPEtkbVQERysLp9xv6c24fBm8Aw=="
    },
    "objectorarray": {
      "version": "1.0.5",
      "resolved": "https://registry.npmjs.org/objectorarray/-/objectorarray-1.0.5.tgz",
      "integrity": "sha512-eJJDYkhJFFbBBAxeh8xW+weHlkI28n2ZdQV/J/DNfWfSKlGEf2xcfAbZTv3riEXHAhL9SVOTs2pRmXiSTf78xg=="
    }
  }
}
